
Microsoft Visual Studio Solution File, Format Version 12.00
# Visual Studio 15
VisualStudioVersion = 15.0.28307.106
MinimumVisualStudioVersion = 10.0.40219.1
Project("{A07B5EB6-E848-4116-A8D0-A826331D98C6}") = "SimpleApp.SfProd", "SimpleApp.SfProd\SimpleApp.SfProd.sfproj", "{96918C66-DC47-4AA4-BB4B-A02219E2272E}"
EndProject
Project("{9A19103F-16F7-4668-BE54-9A1E7A4F7556}") = "SimpleApp.SfProd.CpuBurner", "SimpleApp.SfProd.CpuBurner\SimpleApp.SfProd.CpuBurner.csproj", "{B753A534-5F4D-4D2D-B3E6-D80CCE7ED2F5}"
EndProject
Project("{9A19103F-16F7-4668-BE54-9A1E7A4F7556}") = "SimpleApp.SfProd.WebApi", "SimpleApp.SfProd.WebApi\SimpleApp.SfProd.WebApi.csproj", "{14CEF5F8-4BCC-4D44-B0CB-466B8D3E7F46}"
EndProject
Project("{9A19103F-16F7-4668-BE54-9A1E7A4F7556}") = "SimpleApp.SfProd.WebSite", "SimpleApp.SfProd.WebSite\SimpleApp.SfProd.WebSite.csproj", "{9D4E5614-904E-4940-8137-894E85F59B25}"
EndProject
Project("{9A19103F-16F7-4668-BE54-9A1E7A4F7556}") = "SimpleApp.SfProd.Contracts", "SimpleApp.SfProd.Contracts\SimpleApp.SfProd.Contracts.csproj", "{D1AB7A58-08E2-4C48-8C14-DAABA51185FC}"
EndProject
Global
	GlobalSection(SolutionConfigurationPlatforms) = preSolution
		Debug|Any CPU = Debug|Any CPU
		Debug|x64 = Debug|x64
		Release|Any CPU = Release|Any CPU
		Release|x64 = Release|x64
	EndGlobalSection
	GlobalSection(ProjectConfigurationPlatforms) = postSolution
		{96918C66-DC47-4AA4-BB4B-A02219E2272E}.Debug|Any CPU.ActiveCfg = Debug|x64
		{96918C66-DC47-4AA4-BB4B-A02219E2272E}.Debug|x64.ActiveCfg = Debug|x64
		{96918C66-DC47-4AA4-BB4B-A02219E2272E}.Debug|x64.Build.0 = Debug|x64
		{96918C66-DC47-4AA4-BB4B-A02219E2272E}.Debug|x64.Deploy.0 = Debug|x64
		{96918C66-DC47-4AA4-BB4B-A02219E2272E}.Release|Any CPU.ActiveCfg = Release|x64
		{96918C66-DC47-4AA4-BB4B-A02219E2272E}.Release|x64.ActiveCfg = Release|x64
		{96918C66-DC47-4AA4-BB4B-A02219E2272E}.Release|x64.Build.0 = Release|x64
		{96918C66-DC47-4AA4-BB4B-A02219E2272E}.Release|x64.Deploy.0 = Release|x64
		{B753A534-5F4D-4D2D-B3E6-D80CCE7ED2F5}.Debug|Any CPU.ActiveCfg = Debug|Any CPU
		{B753A534-5F4D-4D2D-B3E6-D80CCE7ED2F5}.Debug|Any CPU.Build.0 = Debug|Any CPU
		{B753A534-5F4D-4D2D-B3E6-D80CCE7ED2F5}.Debug|x64.ActiveCfg = Debug|Any CPU
		{B753A534-5F4D-4D2D-B3E6-D80CCE7ED2F5}.Debug|x64.Build.0 = Debug|Any CPU
		{B753A534-5F4D-4D2D-B3E6-D80CCE7ED2F5}.Release|Any CPU.ActiveCfg = Release|Any CPU
		{B753A534-5F4D-4D2D-B3E6-D80CCE7ED2F5}.Release|Any CPU.Build.0 = Release|Any CPU
		{B753A534-5F4D-4D2D-B3E6-D80CCE7ED2F5}.Release|x64.ActiveCfg = Release|Any CPU
		{B753A534-5F4D-4D2D-B3E6-D80CCE7ED2F5}.Release|x64.Build.0 = Release|Any CPU
		{14CEF5F8-4BCC-4D44-B0CB-466B8D3E7F46}.Debug|Any CPU.ActiveCfg = Debug|Any CPU
		{14CEF5F8-4BCC-4D44-B0CB-466B8D3E7F46}.Debug|Any CPU.Build.0 = Debug|Any CPU
		{14CEF5F8-4BCC-4D44-B0CB-466B8D3E7F46}.Debug|x64.ActiveCfg = Debug|Any CPU
		{14CEF5F8-4BCC-4D44-B0CB-466B8D3E7F46}.Debug|x64.Build.0 = Debug|Any CPU
		{14CEF5F8-4BCC-4D44-B0CB-466B8D3E7F46}.Release|Any CPU.ActiveCfg = Release|Any CPU
		{14CEF5F8-4BCC-4D44-B0CB-466B8D3E7F46}.Release|Any CPU.Build.0 = Release|Any CPU
		{14CEF5F8-4BCC-4D44-B0CB-466B8D3E7F46}.Release|x64.ActiveCfg = Release|Any CPU
		{14CEF5F8-4BCC-4D44-B0CB-466B8D3E7F46}.Release|x64.Build.0 = Release|Any CPU
		{9D4E5614-904E-4940-8137-894E85F59B25}.Debug|Any CPU.ActiveCfg = Debug|Any CPU
		{9D4E5614-904E-4940-8137-894E85F59B25}.Debug|Any CPU.Build.0 = Debug|Any CPU
		{9D4E5614-904E-4940-8137-894E85F59B25}.Debug|x64.ActiveCfg = Debug|Any CPU
		{9D4E5614-904E-4940-8137-894E85F59B25}.Debug|x64.Build.0 = Debug|Any CPU
		{9D4E5614-904E-4940-8137-894E85F59B25}.Release|Any CPU.ActiveCfg = Release|Any CPU
		{9D4E5614-904E-4940-8137-894E85F59B25}.Release|Any CPU.Build.0 = Release|Any CPU
		{9D4E5614-904E-4940-8137-894E85F59B25}.Release|x64.ActiveCfg = Release|Any CPU
		{9D4E5614-904E-4940-8137-894E85F59B25}.Release|x64.Build.0 = Release|Any CPU
		{D1AB7A58-08E2-4C48-8C14-DAABA51185FC}.Debug|Any CPU.ActiveCfg = Debug|Any CPU
		{D1AB7A58-08E2-4C48-8C14-DAABA51185FC}.Debug|Any CPU.Build.0 = Debug|Any CPU
		{D1AB7A58-08E2-4C48-8C14-DAABA51185FC}.Debug|x64.ActiveCfg = Debug|Any CPU
		{D1AB7A58-08E2-4C48-8C14-DAABA51185FC}.Debug|x64.Build.0 = Debug|Any CPU
		{D1AB7A58-08E2-4C48-8C14-DAABA51185FC}.Release|Any CPU.ActiveCfg = Release|Any CPU
		{D1AB7A58-08E2-4C48-8C14-DAABA51185FC}.Release|Any CPU.Build.0 = Release|Any CPU
		{D1AB7A58-08E2-4C48-8C14-DAABA51185FC}.Release|x64.ActiveCfg = Release|Any CPU
		{D1AB7A58-08E2-4C48-8C14-DAABA51185FC}.Release|x64.Build.0 = Release|Any CPU
	EndGlobalSection
	GlobalSection(SolutionProperties) = preSolution
		HideSolutionNode = FALSE
	EndGlobalSection
	GlobalSection(ExtensibilityGlobals) = postSolution
		SolutionGuid = {5998322E-8232-46C1-973F-F7F2D4505355}
	EndGlobalSection
EndGlobal
